
Microsoft Visual Studio Solution File, Format Version 12.00
# Visual Studio Version 17
VisualStudioVersion = 17.13.35825.156 d17.13
MinimumVisualStudioVersion = 10.0.40219.1
Project("{FAE04EC0-301F-11D3-BF4B-00C04F79EFBC}") = "GDBGMoveRows", "GDBGMoveRows.csproj", "{B6945B8F-5D4A-40B1-8365-5E97C68EF599}"
EndProject
Global
	GlobalSection(SolutionConfigurationPlatforms) = preSolution
		Debug|Any CPU = Debug|Any CPU
		Release|Any CPU = Release|Any CPU
	EndGlobalSection
	GlobalSection(ProjectConfigurationPlatforms) = postSolution
		{B6945B8F-5D4A-40B1-8365-5E97C68EF599}.Debug|Any CPU.ActiveCfg = Debug|Any CPU
		{B6945B8F-5D4A-40B1-8365-5E97C68EF599}.Debug|Any CPU.Build.0 = Debug|Any CPU
		{B6945B8F-5D4A-40B1-8365-5E97C68EF599}.Release|Any CPU.ActiveCfg = Release|Any CPU
		{B6945B8F-5D4A-40B1-8365-5E97C68EF599}.Release|Any CPU.Build.0 = Release|Any CPU
	EndGlobalSection
	GlobalSection(SolutionProperties) = preSolution
		HideSolutionNode = FALSE
	EndGlobalSection
	GlobalSection(ExtensibilityGlobals) = postSolution
		SolutionGuid = {4E6AC70B-ADAD-40A5-B55D-8FE031E72C01}
	EndGlobalSection
EndGlobal
